dependencies:
  '@programmerare/sweden_crs_transformations': 1.0.0
lockfileVersion: 5.2
packages:
  /@programmerare/sweden_crs_transformations/1.0.0:
    dev: false
    resolution:
      integrity: sha512-tGgdtDObjUMVEVGv7dBaoit9UZS65oofm2WKyfChQAM98ivYPplis2fQVQ8TsGrC7Lbh16OBn+U7N+/uAtsvKQ==
specifiers:
  '@programmerare/sweden_crs_transformations': ^1.0.0
